
Microsoft Visual Studio Solution File, Format Version 12.00
# Visual Studio Version 16
VisualStudioVersion = 16.0.30413.136
MinimumVisualStudioVersion = 10.0.40219.1
Project("{FAE04EC0-301F-11D3-BF4B-00C04F79EFBC}") = "MonthsOfTheYear", "MonthsOfTheYear\MonthsOfTheYear.csproj", "{5100E0C8-A273-4350-A4A5-4F3E32B03C63}"
EndProject
Global
	GlobalSection(SolutionConfigurationPlatforms) = preSolution
		Debug|Any CPU = Debug|Any CPU
		Release|Any CPU = Release|Any CPU
	EndGlobalSection
	GlobalSection(ProjectConfigurationPlatforms) = postSolution
		{5100E0C8-A273-4350-A4A5-4F3E32B03C63}.Debug|Any CPU.ActiveCfg = Debug|Any CPU
		{5100E0C8-A273-4350-A4A5-4F3E32B03C63}.Debug|Any CPU.Build.0 = Debug|Any CPU
		{5100E0C8-A273-4350-A4A5-4F3E32B03C63}.Release|Any CPU.ActiveCfg = Release|Any CPU
		{5100E0C8-A273-4350-A4A5-4F3E32B03C63}.Release|Any CPU.Build.0 = Release|Any CPU
	EndGlobalSection
	GlobalSection(SolutionProperties) = preSolution
		HideSolutionNode = FALSE
	EndGlobalSection
	GlobalSection(ExtensibilityGlobals) = postSolution
		SolutionGuid = {70860808-9103-4294-BFDF-D06C4548242A}
	EndGlobalSection
EndGlobal
