
Microsoft Visual Studio Solution File, Format Version 12.00
# Visual Studio Version 16
VisualStudioVersion = 16.0.30406.217
MinimumVisualStudioVersion = 10.0.40219.1
Project("{FAE04EC0-301F-11D3-BF4B-00C04F79EFBC}") = "report", "report\report.csproj", "{014ED067-CC3F-4520-989E-4B7A3412B8F0}"
EndProject
Global
	GlobalSection(SolutionConfigurationPlatforms) = preSolution
		Debug|Any CPU = Debug|Any CPU
		Release|Any CPU = Release|Any CPU
	EndGlobalSection
	GlobalSection(ProjectConfigurationPlatforms) = postSolution
		{014ED067-CC3F-4520-989E-4B7A3412B8F0}.Debug|Any CPU.ActiveCfg = Debug|Any CPU
		{014ED067-CC3F-4520-989E-4B7A3412B8F0}.Debug|Any CPU.Build.0 = Debug|Any CPU
		{014ED067-CC3F-4520-989E-4B7A3412B8F0}.Release|Any CPU.ActiveCfg = Release|Any CPU
		{014ED067-CC3F-4520-989E-4B7A3412B8F0}.Release|Any CPU.Build.0 = Release|Any CPU
	EndGlobalSection
	GlobalSection(SolutionProperties) = preSolution
		HideSolutionNode = FALSE
	EndGlobalSection
	GlobalSection(ExtensibilityGlobals) = postSolution
		SolutionGuid = {D0CE5E09-6D87-4B84-9897-4133D1B358F8}
	EndGlobalSection
EndGlobal
