
Microsoft Visual Studio Solution File, Format Version 12.00
# Visual Studio Version 16
VisualStudioVersion = 16.0.30406.217
MinimumVisualStudioVersion = 10.0.40219.1
Project("{FAE04EC0-301F-11D3-BF4B-00C04F79EFBC}") = "User input", "User input\User input.csproj", "{83B676D1-3A41-46FC-BF9D-FAEF755B3520}"
EndProject
Global
	GlobalSection(SolutionConfigurationPlatforms) = preSolution
		Debug|Any CPU = Debug|Any CPU
		Release|Any CPU = Release|Any CPU
	EndGlobalSection
	GlobalSection(ProjectConfigurationPlatforms) = postSolution
		{83B676D1-3A41-46FC-BF9D-FAEF755B3520}.Debug|Any CPU.ActiveCfg = Debug|Any CPU
		{83B676D1-3A41-46FC-BF9D-FAEF755B3520}.Debug|Any CPU.Build.0 = Debug|Any CPU
		{83B676D1-3A41-46FC-BF9D-FAEF755B3520}.Release|Any CPU.ActiveCfg = Release|Any CPU
		{83B676D1-3A41-46FC-BF9D-FAEF755B3520}.Release|Any CPU.Build.0 = Release|Any CPU
	EndGlobalSection
	GlobalSection(SolutionProperties) = preSolution
		HideSolutionNode = FALSE
	EndGlobalSection
	GlobalSection(ExtensibilityGlobals) = postSolution
		SolutionGuid = {3792B97D-CE87-40D3-87BB-45B27754652B}
	EndGlobalSection
EndGlobal
