
Microsoft Visual Studio Solution File, Format Version 12.00
# Visual Studio Version 16
VisualStudioVersion = 16.0.30406.217
MinimumVisualStudioVersion = 10.0.40219.1
Project("{FAE04EC0-301F-11D3-BF4B-00C04F79EFBC}") = "Get higest value", "Get gihest value\Get higest value.csproj", "{23719AAA-7EB7-42CB-9BCA-574E76D6F712}"
EndProject
Global
	GlobalSection(SolutionConfigurationPlatforms) = preSolution
		Debug|Any CPU = Debug|Any CPU
		Release|Any CPU = Release|Any CPU
	EndGlobalSection
	GlobalSection(ProjectConfigurationPlatforms) = postSolution
		{23719AAA-7EB7-42CB-9BCA-574E76D6F712}.Debug|Any CPU.ActiveCfg = Debug|Any CPU
		{23719AAA-7EB7-42CB-9BCA-574E76D6F712}.Debug|Any CPU.Build.0 = Debug|Any CPU
		{23719AAA-7EB7-42CB-9BCA-574E76D6F712}.Release|Any CPU.ActiveCfg = Release|Any CPU
		{23719AAA-7EB7-42CB-9BCA-574E76D6F712}.Release|Any CPU.Build.0 = Release|Any CPU
	EndGlobalSection
	GlobalSection(SolutionProperties) = preSolution
		HideSolutionNode = FALSE
	EndGlobalSection
	GlobalSection(ExtensibilityGlobals) = postSolution
		SolutionGuid = {28D960F7-5CD7-451C-9CE0-32E37C367F5F}
	EndGlobalSection
EndGlobal
